{
  "name": "frontend",
  "version": "1.0.0",
  "lockfileVersion": 1,
  "requires": true,
  "dependencies": {
    "@algolia/events": {
      "version": "4.0.1",
      "resolved": "https://registry.npmjs.org/@algolia/events/-/events-4.0.1.tgz",
      "integrity": "sha512-FQzvOCgoFXAbf5Y6mYozw2aj5KCJoA3m4heImceldzPSMbdyS4atVjJzXKMsfX3wnZTFYwkkt8/z8UesLHlSBQ=="
    },
    "algoliasearch-helper": {
      "version": "3.7.0",
      "resolved": "https://registry.npmjs.org/algoliasearch-helper/-/algoliasearch-helper-3.7.0.tgz",
      "integrity": "sha512-XJ3QfERBLfeVCyTVx80gon7r3/rgm/CE8Ha1H7cbablRe/X7SfYQ14g/eO+MhjVKIQp+gy9oC6G5ilmLwS1k6w==",
      "requires": {
        "@algolia/events": "^4.0.1"
      }
    }
  }
}
